// !$*UTF8*$!
{
	archiveVersion = 1;
	classes = {
	};
	objectVersion = 46;
	objects = {

/* Begin PBXBuildFile section */
		3D13A5D71BDC2AAF00639FB1 /* AWStatusItem.swift in Sources */ = {isa = PBXBuildFile; fileRef = 3D13A5D61BDC2AAF00639FB1 /* AWStatusItem.swift */; };
		3D13A5D91BDC31B300639FB1 /* AWStatusTarget.swift in Sources */ = {isa = PBXBuildFile; fileRef = 3D13A5D81BDC31B300639FB1 /* AWStatusTarget.swift */; };
		3D13A5DE1BDC54DA00639FB1 /* AWPreferencesWindow.swift in Sources */ = {isa = PBXBuildFile; fileRef = 3D13A5DD1BDC54DA00639FB1 /* AWPreferencesWindow.swift */; };
		3D13A5E01BDC5A4800639FB1 /* AWPreferences.xib in Resources */ = {isa = PBXBuildFile; fileRef = 3D13A5DF1BDC5A4800639FB1 /* AWPreferences.xib */; };
		3D13A5E21BDC75E000639FB1 /* AWOpenAtLogin.swift in Sources */ = {isa = PBXBuildFile; fileRef = 3D13A5E11BDC75E000639FB1 /* AWOpenAtLogin.swift */; };
		3D13A5EA1BDCA0C700639FB1 /* AWPreferences.swift in Sources */ = {isa = PBXBuildFile; fileRef = 3D13A5E91BDCA0C700639FB1 /* AWPreferences.swift */; };
		3D13A5EF1BDDD39200639FB1 /* status.pdf in Resources */ = {isa = PBXBuildFile; fileRef = 3D13A5EE1BDDD39200639FB1 /* status.pdf */; };
		3D1C3DD21AE83BE200EEE08A /* AWJSHotKey.swift in Sources */ = {isa = PBXBuildFile; fileRef = 3D1C3DD11AE83BE200EEE08A /* AWJSHotKey.swift */; };
		3D1C3DD51AE8680D00EEE08A /* AWKeyCodes.swift in Sources */ = {isa = PBXBuildFile; fileRef = 3D1C3DD41AE8680D00EEE08A /* AWKeyCodes.swift */; };
		3D1F0F6C1AF9B40700437F97 /* README.md in Sources */ = {isa = PBXBuildFile; fileRef = 3D1F0F6B1AF9B40700437F97 /* README.md */; };
		3D2D8BF01AF0A749009406B8 /* AWJSType.swift in Sources */ = {isa = PBXBuildFile; fileRef = 3D2D8BEF1AF0A749009406B8 /* AWJSType.swift */; };
		3D2FD4AF1AE5EE7A002641E0 /* AWJSApplication.swift in Sources */ = {isa = PBXBuildFile; fileRef = 3D2FD4AE1AE5EE7A002641E0 /* AWJSApplication.swift */; };
		3D2FD4B11AE5FFB7002641E0 /* AWJSContext.swift in Sources */ = {isa = PBXBuildFile; fileRef = 3D2FD4B01AE5FFB7002641E0 /* AWJSContext.swift */; };
		3D2FD4B41AE617A2002641E0 /* AWJSEvent.swift in Sources */ = {isa = PBXBuildFile; fileRef = 3D2FD4B31AE617A2002641E0 /* AWJSEvent.swift */; };
		3D2FD4B61AE69744002641E0 /* AWJSConsole.swift in Sources */ = {isa = PBXBuildFile; fileRef = 3D2FD4B51AE69744002641E0 /* AWJSConsole.swift */; };
		3D2FD4B81AE6A365002641E0 /* AWManager.swift in Sources */ = {isa = PBXBuildFile; fileRef = 3D2FD4B71AE6A365002641E0 /* AWManager.swift */; };
		3D2FE1581BE911E100F3F2D6 /* AWMouse.swift in Sources */ = {isa = PBXBuildFile; fileRef = 3D2FE1571BE911E100F3F2D6 /* AWMouse.swift */; };
		3D3EACDF1C036C840062A525 /* AWObserver.swift in Sources */ = {isa = PBXBuildFile; fileRef = 3D3EACDE1C036C840062A525 /* AWObserver.swift */; };
		3D4148431BFCCD540087417F /* AWHotKeyManager.swift in Sources */ = {isa = PBXBuildFile; fileRef = 3D4148421BFCCD540087417F /* AWHotKeyManager.swift */; };
		3D50BB901AF1455E00C1E583 /* AWNotification.swift in Sources */ = {isa = PBXBuildFile; fileRef = 3D50BB8F1AF1455E00C1E583 /* AWNotification.swift */; };
		3D5DF6231BC0434F0043179C /* README.md in Sources */ = {isa = PBXBuildFile; fileRef = 3D5DF6221BC0434F0043179C /* README.md */; };
		3D5DF6251BC42AFA0043179C /* AWManagerInternal.swift in Sources */ = {isa = PBXBuildFile; fileRef = 3D5DF6241BC42AFA0043179C /* AWManagerInternal.swift */; };
		3D6AE0851AF08A8C00FC0B2D /* AWJSMonitors.swift in Sources */ = {isa = PBXBuildFile; fileRef = 3D6AE0841AF08A8C00FC0B2D /* AWJSMonitors.swift */; };
		3D8914521C0CAFC2009DF1C2 /* main.swift in Sources */ = {isa = PBXBuildFile; fileRef = 3D8914511C0CAFC2009DF1C2 /* main.swift */; };
		3DAA7B541B1B7498004C2BFB /* AWJSWindow.swift in Sources */ = {isa = PBXBuildFile; fileRef = 3DAA7B531B1B7498004C2BFB /* AWJSWindow.swift */; };
		3DAF21C91C0EABFF00265958 /* demo.js in Resources */ = {isa = PBXBuildFile; fileRef = 3DAF21C81C0EABFF00265958 /* demo.js */; };
		3DDC025B1BF0F16300789740 /* AWAccessibilityEnabled.swift in Sources */ = {isa = PBXBuildFile; fileRef = 3DDC025A1BF0F16300789740 /* AWAccessibilityEnabled.swift */; };
		AB0F93FC1D27647000FCD8C7 /* MainMenu.xib in Resources */ = {isa = PBXBuildFile; fileRef = AB0F93FA1D27647000FCD8C7 /* MainMenu.xib */; };
		AB576D8A1AC61AD500AABBF5 /* AppDelegate.swift in Sources */ = {isa = PBXBuildFile; fileRef = AB576D891AC61AD500AABBF5 /* AppDelegate.swift */; };
		AB576D8C1AC61AD500AABBF5 /* Images.xcassets in Resources */ = {isa = PBXBuildFile; fileRef = AB576D8B1AC61AD500AABBF5 /* Images.xcassets */; };
		AB576D9B1AC61AD500AABBF5 /* AutoWinTests.swift in Sources */ = {isa = PBXBuildFile; fileRef = AB576D9A1AC61AD500AABBF5 /* AutoWinTests.swift */; };
		AB576DA51AC6231100AABBF5 /* AWApplication.swift in Sources */ = {isa = PBXBuildFile; fileRef = AB576DA41AC6231100AABBF5 /* AWApplication.swift */; };
		AB576DA71AC633AB00AABBF5 /* AWWindow.swift in Sources */ = {isa = PBXBuildFile; fileRef = AB576DA61AC633AB00AABBF5 /* AWWindow.swift */; };
		AB576DA91AC8CA8C00AABBF5 /* AWAccessibilityAPI.swift in Sources */ = {isa = PBXBuildFile; fileRef = AB576DA81AC8CA8C00AABBF5 /* AWAccessibilityAPI.swift */; };
		AB8BBC3F1D276E3E00D130A3 /* AutoWinHelper.app in CopyFiles */ = {isa = PBXBuildFile; fileRef = AB1979911D27630F005F0656 /* AutoWinHelper.app */; settings = {ATTRIBUTES = (RemoveHeadersOnCopy, ); }; };
/* End PBXBuildFile section */

/* Begin PBXContainerItemProxy section */
		AB1979901D27630F005F0656 /* PBXContainerItemProxy */ = {
			isa = PBXContainerItemProxy;
			containerPortal = 3DDC01EB1BEBB43A00789740 /* AutoWinHelper.xcodeproj */;
			proxyType = 2;
			remoteGlobalIDString = 3DDC01CD1BEBB43A00789740;
			remoteInfo = AutoWinHelper;
		};
		AB1979921D27630F005F0656 /* PBXContainerItemProxy */ = {
			isa = PBXContainerItemProxy;
			containerPortal = 3DDC01EB1BEBB43A00789740 /* AutoWinHelper.xcodeproj */;
			proxyType = 2;
			remoteGlobalIDString = 3DDC01DC1BEBB43A00789740;
			remoteInfo = AutoWinHelperTests;
		};
		AB576D951AC61AD500AABBF5 /* PBXContainerItemProxy */ = {
			isa = PBXContainerItemProxy;
			containerPortal = AB576D7C1AC61AD400AABBF5 /* Project object */;
			proxyType = 1;
			remoteGlobalIDString = AB576D831AC61AD500AABBF5;
			remoteInfo = Awesome;
		};
/* End PBXContainerItemProxy section */

/* Begin PBXCopyFilesBuildPhase section */
		3DDC02571BEBB5F200789740 /* CopyFiles */ = {
			isa = PBXCopyFilesBuildPhase;
			buildActionMask = 2147483647;
			dstPath = Contents/Library/LoginItems;
			dstSubfolderSpec = 1;
			files = (
				AB8BBC3F1D276E3E00D130A3 /* AutoWinHelper.app in CopyFiles */,
			);
			runOnlyForDeploymentPostprocessing = 0;
		};
/* End PBXCopyFilesBuildPhase section */

/* Begin PBXFileReference section */
		3D13A5D61BDC2AAF00639FB1 /* AWStatusItem.swift */ = {isa = PBXFileReference; fileEncoding = 4; lastKnownFileType = sourcecode.swift; name = AWStatusItem.swift; path = UI/AWStatusItem.swift; sourceTree = "<group>"; };
		3D13A5D81BDC31B300639FB1 /* AWStatusTarget.swift */ = {isa = PBXFileReference; fileEncoding = 4; lastKnownFileType = sourcecode.swift; path = AWStatusTarget.swift; sourceTree = "<group>"; };
		3D13A5DD1BDC54DA00639FB1 /* AWPreferencesWindow.swift */ = {isa = PBXFileReference; fileEncoding = 4; lastKnownFileType = sourcecode.swift; name = AWPreferencesWindow.swift; path = UI/AWPreferencesWindow.swift; sourceTree = "<group>"; };
		3D13A5DF1BDC5A4800639FB1 /* AWPreferences.xib */ = {isa = PBXFileReference; fileEncoding = 4; lastKnownFileType = file.xib; name = AWPreferences.xib; path = UI/AWPreferences.xib; sourceTree = "<group>"; };
		3D13A5E11BDC75E000639FB1 /* AWOpenAtLogin.swift */ = {isa = PBXFileReference; fileEncoding = 4; lastKnownFileType = sourcecode.swift; name = AWOpenAtLogin.swift; path = Util/AWOpenAtLogin.swift; sourceTree = "<group>"; };
		3D13A5E91BDCA0C700639FB1 /* AWPreferences.swift */ = {isa = PBXFileReference; fileEncoding = 4; lastKnownFileType = sourcecode.swift; path = AWPreferences.swift; sourceTree = "<group>"; };
		3D13A5EE1BDDD39200639FB1 /* status.pdf */ = {isa = PBXFileReference; lastKnownFileType = image.pdf; path = status.pdf; sourceTree = "<group>"; };
		3D1C3DD11AE83BE200EEE08A /* AWJSHotKey.swift */ = {isa = PBXFileReference; fileEncoding = 4; lastKnownFileType = sourcecode.swift; name = AWJSHotKey.swift; path = JS/AWJSHotKey.swift; sourceTree = "<group>"; };
		3D1C3DD41AE8680D00EEE08A /* AWKeyCodes.swift */ = {isa = PBXFileReference; fileEncoding = 4; lastKnownFileType = sourcecode.swift; name = AWKeyCodes.swift; path = Util/AWKeyCodes.swift; sourceTree = "<group>"; };
		3D1F0F6B1AF9B40700437F97 /* README.md */ = {isa = PBXFileReference; fileEncoding = 4; lastKnownFileType = net.daringfireball.markdown; name = README.md; path = JS/README.md; sourceTree = "<group>"; };
		3D2D8BEF1AF0A749009406B8 /* AWJSType.swift */ = {isa = PBXFileReference; fileEncoding = 4; lastKnownFileType = sourcecode.swift; name = AWJSType.swift; path = JS/AWJSType.swift; sourceTree = "<group>"; };
		3D2FD4AE1AE5EE7A002641E0 /* AWJSApplication.swift */ = {isa = PBXFileReference; fileEncoding = 4; lastKnownFileType = sourcecode.swift; name = AWJSApplication.swift; path = JS/AWJSApplication.swift; sourceTree = "<group>"; };
		3D2FD4B01AE5FFB7002641E0 /* AWJSContext.swift */ = {isa = PBXFileReference; fileEncoding = 4; lastKnownFileType = sourcecode.swift; name = AWJSContext.swift; path = JS/AWJSContext.swift; sourceTree = "<group>"; };
		3D2FD4B31AE617A2002641E0 /* AWJSEvent.swift */ = {isa = PBXFileReference; fileEncoding = 4; lastKnownFileType = sourcecode.swift; name = AWJSEvent.swift; path = JS/AWJSEvent.swift; sourceTree = "<group>"; };
		3D2FD4B51AE69744002641E0 /* AWJSConsole.swift */ = {isa = PBXFileReference; fileEncoding = 4; lastKnownFileType = sourcecode.swift; name = AWJSConsole.swift; path = JS/AWJSConsole.swift; sourceTree = "<group>"; };
		3D2FD4B71AE6A365002641E0 /* AWManager.swift */ = {isa = PBXFileReference; fileEncoding = 4; lastKnownFileType = sourcecode.swift; path = AWManager.swift; sourceTree = "<group>"; };
		3D2FE1571BE911E100F3F2D6 /* AWMouse.swift */ = {isa = PBXFileReference; fileEncoding = 4; lastKnownFileType = sourcecode.swift; name = AWMouse.swift; path = Model/AWMouse.swift; sourceTree = "<group>"; };
		3D3EACDE1C036C840062A525 /* AWObserver.swift */ = {isa = PBXFileReference; fileEncoding = 4; lastKnownFileType = sourcecode.swift; name = AWObserver.swift; path = Notifications/AWObserver.swift; sourceTree = "<group>"; };
		3D4148421BFCCD540087417F /* AWHotKeyManager.swift */ = {isa = PBXFileReference; fileEncoding = 4; lastKnownFileType = sourcecode.swift; name = AWHotKeyManager.swift; path = Util/AWHotKeyManager.swift; sourceTree = "<group>"; };
		3D50BB8F1AF1455E00C1E583 /* AWNotification.swift */ = {isa = PBXFileReference; fileEncoding = 4; lastKnownFileType = sourcecode.swift; path = AWNotification.swift; sourceTree = "<group>"; };
		3D5DF6221BC0434F0043179C /* README.md */ = {isa = PBXFileReference; fileEncoding = 4; lastKnownFileType = net.daringfireball.markdown; path = README.md; sourceTree = "<group>"; };
		3D5DF6241BC42AFA0043179C /* AWManagerInternal.swift */ = {isa = PBXFileReference; fileEncoding = 4; lastKnownFileType = sourcecode.swift; name = AWManagerInternal.swift; path = Model/internal/AWManagerInternal.swift; sourceTree = "<group>"; };
		3D6AE0841AF08A8C00FC0B2D /* AWJSMonitors.swift */ = {isa = PBXFileReference; fileEncoding = 4; lastKnownFileType = sourcecode.swift; name = AWJSMonitors.swift; path = JS/AWJSMonitors.swift; sourceTree = "<group>"; };
		3D8914511C0CAFC2009DF1C2 /* main.swift */ = {isa = PBXFileReference; fileEncoding = 4; lastKnownFileType = sourcecode.swift; path = main.swift; sourceTree = "<group>"; };
		3DAA7B531B1B7498004C2BFB /* AWJSWindow.swift */ = {isa = PBXFileReference; fileEncoding = 4; lastKnownFileType = sourcecode.swift; name = AWJSWindow.swift; path = JS/AWJSWindow.swift; sourceTree = "<group>"; };
		3DAF21C81C0EABFF00265958 /* demo.js */ = {isa = PBXFileReference; fileEncoding = 4; lastKnownFileType = sourcecode.javascript; path = demo.js; sourceTree = "<group>"; };
		3DDC01EB1BEBB43A00789740 /* AutoWinHelper.xcodeproj */ = {isa = PBXFileReference; lastKnownFileType = "wrapper.pb-project"; name = AutoWinHelper.xcodeproj; path = AutoWinHelper/AutoWinHelper.xcodeproj; sourceTree = "<group>"; };
		3DDC025A1BF0F16300789740 /* AWAccessibilityEnabled.swift */ = {isa = PBXFileReference; fileEncoding = 4; lastKnownFileType = sourcecode.swift; name = AWAccessibilityEnabled.swift; path = Model/AWAccessibilityEnabled.swift; sourceTree = "<group>"; };
		AB0F93FB1D27647000FCD8C7 /* Base */ = {isa = PBXFileReference; lastKnownFileType = file.xib; name = Base; path = Base.lproj/MainMenu.xib; sourceTree = "<group>"; };
		AB576D841AC61AD500AABBF5 /* AutoWin.app */ = {isa = PBXFileReference; explicitFileType = wrapper.application; includeInIndex = 0; path = AutoWin.app; sourceTree = BUILT_PRODUCTS_DIR; };
		AB576D881AC61AD500AABBF5 /* Info.plist */ = {isa = PBXFileReference; lastKnownFileType = text.plist.xml; path = Info.plist; sourceTree = "<group>"; };
		AB576D891AC61AD500AABBF5 /* AppDelegate.swift */ = {isa = PBXFileReference; lastKnownFileType = sourcecode.swift; path = AppDelegate.swift; sourceTree = "<group>"; };
		AB576D8B1AC61AD500AABBF5 /* Images.xcassets */ = {isa = PBXFileReference; lastKnownFileType = folder.assetcatalog; path = Images.xcassets; sourceTree = "<group>"; };
		AB576D941AC61AD500AABBF5 /* AutoWinTests.xctest */ = {isa = PBXFileReference; explicitFileType = wrapper.cfbundle; includeInIndex = 0; path = AutoWinTests.xctest; sourceTree = BUILT_PRODUCTS_DIR; };
		AB576D991AC61AD500AABBF5 /* Info.plist */ = {isa = PBXFileReference; lastKnownFileType = text.plist.xml; path = Info.plist; sourceTree = "<group>"; };
		AB576D9A1AC61AD500AABBF5 /* AutoWinTests.swift */ = {isa = PBXFileReference; lastKnownFileType = sourcecode.swift; path = AutoWinTests.swift; sourceTree = "<group>"; };
		AB576DA41AC6231100AABBF5 /* AWApplication.swift */ = {isa = PBXFileReference; fileEncoding = 4; lastKnownFileType = sourcecode.swift; name = AWApplication.swift; path = Model/AWApplication.swift; sourceTree = "<group>"; };
		AB576DA61AC633AB00AABBF5 /* AWWindow.swift */ = {isa = PBXFileReference; fileEncoding = 4; lastKnownFileType = sourcecode.swift; name = AWWindow.swift; path = Model/AWWindow.swift; sourceTree = "<group>"; };
		AB576DA81AC8CA8C00AABBF5 /* AWAccessibilityAPI.swift */ = {isa = PBXFileReference; fileEncoding = 4; lastKnownFileType = sourcecode.swift; name = AWAccessibilityAPI.swift; path = Util/AWAccessibilityAPI.swift; sourceTree = "<group>"; };
/* End PBXFileReference section */

/* Begin PBXFrameworksBuildPhase section */
		AB576D811AC61AD500AABBF5 /* Frameworks */ = {
			isa = PBXFrameworksBuildPhase;
			buildActionMask = 2147483647;
			files = (
			);
			runOnlyForDeploymentPostprocessing = 0;
		};
		AB576D911AC61AD500AABBF5 /* Frameworks */ = {
			isa = PBXFrameworksBuildPhase;
			buildActionMask = 2147483647;
			files = (
			);
			runOnlyForDeploymentPostprocessing = 0;
		};
/* End PBXFrameworksBuildPhase section */

/* Begin PBXGroup section */
		3D13A5D51BDC2A9400639FB1 /* UI */ = {
			isa = PBXGroup;
			children = (
				3D13A5D61BDC2AAF00639FB1 /* AWStatusItem.swift */,
				3D13A5D81BDC31B300639FB1 /* AWStatusTarget.swift */,
				3D13A5DD1BDC54DA00639FB1 /* AWPreferencesWindow.swift */,
				3D13A5DF1BDC5A4800639FB1 /* AWPreferences.xib */,
			);
			name = UI;
			sourceTree = "<group>";
		};
		3D13A5ED1BDDD38400639FB1 /* Icons */ = {
			isa = PBXGroup;
			children = (
				3D13A5EE1BDDD39200639FB1 /* status.pdf */,
			);
			name = Icons;
			path = AutoWin/Icons;
			sourceTree = "<group>";
		};
		3D1C3DD31AE867FE00EEE08A /* Util */ = {
			isa = PBXGroup;
			children = (
				AB576DA81AC8CA8C00AABBF5 /* AWAccessibilityAPI.swift */,
				3D1C3DD41AE8680D00EEE08A /* AWKeyCodes.swift */,
				3D13A5E11BDC75E000639FB1 /* AWOpenAtLogin.swift */,
				3D4148421BFCCD540087417F /* AWHotKeyManager.swift */,
			);
			name = Util;
			sourceTree = "<group>";
		};
		3D2FD4B21AE61780002641E0 /* JS */ = {
			isa = PBXGroup;
			children = (
				3D1F0F6B1AF9B40700437F97 /* README.md */,
				3D2D8BEF1AF0A749009406B8 /* AWJSType.swift */,
				3D2FD4AE1AE5EE7A002641E0 /* AWJSApplication.swift */,
				3D2FD4B01AE5FFB7002641E0 /* AWJSContext.swift */,
				3D2FD4B31AE617A2002641E0 /* AWJSEvent.swift */,
				3D2FD4B51AE69744002641E0 /* AWJSConsole.swift */,
				3D1C3DD11AE83BE200EEE08A /* AWJSHotKey.swift */,
				3D6AE0841AF08A8C00FC0B2D /* AWJSMonitors.swift */,
				3DAA7B531B1B7498004C2BFB /* AWJSWindow.swift */,
			);
			name = JS;
			sourceTree = "<group>";
		};
		3D57E9621AEAA71A002F50A2 /* Model */ = {
			isa = PBXGroup;
			children = (
				3D5DF6261BC42B140043179C /* internal */,
				3D2FD4B71AE6A365002641E0 /* AWManager.swift */,
				AB576DA41AC6231100AABBF5 /* AWApplication.swift */,
				AB576DA61AC633AB00AABBF5 /* AWWindow.swift */,
				3D13A5E91BDCA0C700639FB1 /* AWPreferences.swift */,
				3D2FE1571BE911E100F3F2D6 /* AWMouse.swift */,
				3DDC025A1BF0F16300789740 /* AWAccessibilityEnabled.swift */,
			);
			name = Model;
			sourceTree = "<group>";
		};
		3D57E9631AEAA749002F50A2 /* Notificatons */ = {
			isa = PBXGroup;
			children = (
				3D50BB8F1AF1455E00C1E583 /* AWNotification.swift */,
				3D3EACDE1C036C840062A525 /* AWObserver.swift */,
			);
			name = Notificatons;
			sourceTree = "<group>";
		};
		3D5DF6261BC42B140043179C /* internal */ = {
			isa = PBXGroup;
			children = (
				3D5DF6241BC42AFA0043179C /* AWManagerInternal.swift */,
			);
			name = internal;
			sourceTree = "<group>";
		};
		AB19798C1D27630F005F0656 /* Products */ = {
			isa = PBXGroup;
			children = (
				AB1979911D27630F005F0656 /* AutoWinHelper.app */,
				AB1979931D27630F005F0656 /* AutoWinHelperTests.xctest */,
			);
			name = Products;
			sourceTree = "<group>";
		};
		AB576D7B1AC61AD400AABBF5 = {
			isa = PBXGroup;
			children = (
				3DDC01EB1BEBB43A00789740 /* AutoWinHelper.xcodeproj */,
				3D13A5ED1BDDD38400639FB1 /* Icons */,
				AB576D861AC61AD500AABBF5 /* AutoWin */,
				AB576D971AC61AD500AABBF5 /* AutoWinTests */,
				AB576D851AC61AD500AABBF5 /* Products */,
			);
			sourceTree = "<group>";
		};
		AB576D851AC61AD500AABBF5 /* Products */ = {
			isa = PBXGroup;
			children = (
				AB576D841AC61AD500AABBF5 /* AutoWin.app */,
				AB576D941AC61AD500AABBF5 /* AutoWinTests.xctest */,
			);
			name = Products;
			sourceTree = "<group>";
		};
		AB576D861AC61AD500AABBF5 /* AutoWin */ = {
			isa = PBXGroup;
			children = (
				3D13A5D51BDC2A9400639FB1 /* UI */,
				3D57E9631AEAA749002F50A2 /* Notificatons */,
				3D57E9621AEAA71A002F50A2 /* Model */,
				3D1C3DD31AE867FE00EEE08A /* Util */,
				3D2FD4B21AE61780002641E0 /* JS */,
				AB576D891AC61AD500AABBF5 /* AppDelegate.swift */,
				AB576D8B1AC61AD500AABBF5 /* Images.xcassets */,
				AB576D871AC61AD500AABBF5 /* Supporting Files */,
				3D5DF6221BC0434F0043179C /* README.md */,
				3D8914511C0CAFC2009DF1C2 /* main.swift */,
				3DAF21C81C0EABFF00265958 /* demo.js */,
				AB0F93FA1D27647000FCD8C7 /* MainMenu.xib */,
			);
			path = AutoWin;
			sourceTree = "<group>";
		};
		AB576D871AC61AD500AABBF5 /* Supporting Files */ = {
			isa = PBXGroup;
			children = (
				AB576D881AC61AD500AABBF5 /* Info.plist */,
			);
			name = "Supporting Files";
			sourceTree = "<group>";
		};
		AB576D971AC61AD500AABBF5 /* AutoWinTests */ = {
			isa = PBXGroup;
			children = (
				AB576D9A1AC61AD500AABBF5 /* AutoWinTests.swift */,
				AB576D981AC61AD500AABBF5 /* Supporting Files */,
			);
			path = AutoWinTests;
			sourceTree = "<group>";
		};
		AB576D981AC61AD500AABBF5 /* Supporting Files */ = {
			isa = PBXGroup;
			children = (
				AB576D991AC61AD500AABBF5 /* Info.plist */,
			);
			name = "Supporting Files";
			sourceTree = "<group>";
		};
/* End PBXGroup section */

/* Begin PBXNativeTarget section */
		AB576D831AC61AD500AABBF5 /* AutoWin */ = {
			isa = PBXNativeTarget;
			buildConfigurationList = AB576D9E1AC61AD500AABBF5 /* Build configuration list for PBXNativeTarget "AutoWin" */;
			buildPhases = (
				AB576D801AC61AD500AABBF5 /* Sources */,
				AB576D811AC61AD500AABBF5 /* Frameworks */,
				AB576D821AC61AD500AABBF5 /* Resources */,
				3DDC02571BEBB5F200789740 /* CopyFiles */,
			);
			buildRules = (
			);
			dependencies = (
			);
			name = AutoWin;
			productName = Awesome;
			productReference = AB576D841AC61AD500AABBF5 /* AutoWin.app */;
			productType = "com.apple.product-type.application";
		};
		AB576D931AC61AD500AABBF5 /* AutoWinTests */ = {
			isa = PBXNativeTarget;
			buildConfigurationList = AB576DA11AC61AD500AABBF5 /* Build configuration list for PBXNativeTarget "AutoWinTests" */;
			buildPhases = (
				AB576D901AC61AD500AABBF5 /* Sources */,
				AB576D911AC61AD500AABBF5 /* Frameworks */,
				AB576D921AC61AD500AABBF5 /* Resources */,
			);
			buildRules = (
			);
			dependencies = (
				AB576D961AC61AD500AABBF5 /* PBXTargetDependency */,
			);
			name = AutoWinTests;
			productName = AwesomeTests;
			productReference = AB576D941AC61AD500AABBF5 /* AutoWinTests.xctest */;
			productType = "com.apple.product-type.bundle.unit-test";
		};
/* End PBXNativeTarget section */

/* Begin PBXProject section */
		AB576D7C1AC61AD400AABBF5 /* Project object */ = {
			isa = PBXProject;
			attributes = {
				LastSwiftMigration = 0700;
				LastSwiftUpdateCheck = 0700;
				LastUpgradeCheck = 0610;
				ORGANIZATIONNAME = "Marshall Brekka";
				TargetAttributes = {
					AB576D831AC61AD500AABBF5 = {
						CreatedOnToolsVersion = 6.1.1;
					};
					AB576D931AC61AD500AABBF5 = {
						CreatedOnToolsVersion = 6.1.1;
						TestTargetID = AB576D831AC61AD500AABBF5;
					};
				};
			};
			buildConfigurationList = AB576D7F1AC61AD400AABBF5 /* Build configuration list for PBXProject "AutoWin" */;
			compatibilityVersion = "Xcode 3.2";
			developmentRegion = English;
			hasScannedForEncodings = 0;
			knownRegions = (
				en,
				Base,
			);
			mainGroup = AB576D7B1AC61AD400AABBF5;
			productRefGroup = AB576D851AC61AD500AABBF5 /* Products */;
			projectDirPath = "";
			projectReferences = (
				{
					ProductGroup = AB19798C1D27630F005F0656 /* Products */;
					ProjectRef = 3DDC01EB1BEBB43A00789740 /* AutoWinHelper.xcodeproj */;
				},
			);
			projectRoot = "";
			targets = (
				AB576D831AC61AD500AABBF5 /* AutoWin */,
				AB576D931AC61AD500AABBF5 /* AutoWinTests */,
			);
		};
/* End PBXProject section */

/* Begin PBXReferenceProxy section */
		AB1979911D27630F005F0656 /* AutoWinHelper.app */ = {
			isa = PBXReferenceProxy;
			fileType = wrapper.application;
			path = AutoWinHelper.app;
			remoteRef = AB1979901D27630F005F0656 /* PBXContainerItemProxy */;
			sourceTree = BUILT_PRODUCTS_DIR;
		};
		AB1979931D27630F005F0656 /* AutoWinHelperTests.xctest */ = {
			isa = PBXReferenceProxy;
			fileType = wrapper.cfbundle;
			path = AutoWinHelperTests.xctest;
			remoteRef = AB1979921D27630F005F0656 /* PBXContainerItemProxy */;
			sourceTree = BUILT_PRODUCTS_DIR;
		};
/* End PBXReferenceProxy section */

/* Begin PBXResourcesBuildPhase section */
		AB576D821AC61AD500AABBF5 /* Resources */ = {
			isa = PBXResourcesBuildPhase;
			buildActionMask = 2147483647;
			files = (
				3DAF21C91C0EABFF00265958 /* demo.js in Resources */,
				AB0F93FC1D27647000FCD8C7 /* MainMenu.xib in Resources */,
				AB576D8C1AC61AD500AABBF5 /* Images.xcassets in Resources */,
				3D13A5E01BDC5A4800639FB1 /* AWPreferences.xib in Resources */,
				3D13A5EF1BDDD39200639FB1 /* status.pdf in Resources */,
			);
			runOnlyForDeploymentPostprocessing = 0;
		};
		AB576D921AC61AD500AABBF5 /* Resources */ = {
			isa = PBXResourcesBuildPhase;
			buildActionMask = 2147483647;
			files = (
			);
			runOnlyForDeploymentPostprocessing = 0;
		};
/* End PBXResourcesBuildPhase section */

/* Begin PBXSourcesBuildPhase section */
		AB576D801AC61AD500AABBF5 /* Sources */ = {
			isa = PBXSourcesBuildPhase;
			buildActionMask = 2147483647;
			files = (
				3D2FD4B61AE69744002641E0 /* AWJSConsole.swift in Sources */,
				3D2FD4B81AE6A365002641E0 /* AWManager.swift in Sources */,
				3D1C3DD21AE83BE200EEE08A /* AWJSHotKey.swift in Sources */,
				3D5DF6231BC0434F0043179C /* README.md in Sources */,
				3D5DF6251BC42AFA0043179C /* AWManagerInternal.swift in Sources */,
				3D2FD4AF1AE5EE7A002641E0 /* AWJSApplication.swift in Sources */,
				3DAA7B541B1B7498004C2BFB /* AWJSWindow.swift in Sources */,
				AB576DA51AC6231100AABBF5 /* AWApplication.swift in Sources */,
				3D2FD4B41AE617A2002641E0 /* AWJSEvent.swift in Sources */,
				3D13A5D71BDC2AAF00639FB1 /* AWStatusItem.swift in Sources */,
				3D1F0F6C1AF9B40700437F97 /* README.md in Sources */,
				3D3EACDF1C036C840062A525 /* AWObserver.swift in Sources */,
				3D4148431BFCCD540087417F /* AWHotKeyManager.swift in Sources */,
				3D2FE1581BE911E100F3F2D6 /* AWMouse.swift in Sources */,
				3D13A5EA1BDCA0C700639FB1 /* AWPreferences.swift in Sources */,
				3D2FD4B11AE5FFB7002641E0 /* AWJSContext.swift in Sources */,
				3D13A5DE1BDC54DA00639FB1 /* AWPreferencesWindow.swift in Sources */,
				3D1C3DD51AE8680D00EEE08A /* AWKeyCodes.swift in Sources */,
				3D13A5E21BDC75E000639FB1 /* AWOpenAtLogin.swift in Sources */,
				3DDC025B1BF0F16300789740 /* AWAccessibilityEnabled.swift in Sources */,
				AB576D8A1AC61AD500AABBF5 /* AppDelegate.swift in Sources */,
				AB576DA71AC633AB00AABBF5 /* AWWindow.swift in Sources */,
				3D8914521C0CAFC2009DF1C2 /* main.swift in Sources */,
				3D6AE0851AF08A8C00FC0B2D /* AWJSMonitors.swift in Sources */,
				3D13A5D91BDC31B300639FB1 /* AWStatusTarget.swift in Sources */,
				3D50BB901AF1455E00C1E583 /* AWNotification.swift in Sources */,
				AB576DA91AC8CA8C00AABBF5 /* AWAccessibilityAPI.swift in Sources */,
				3D2D8BF01AF0A749009406B8 /* AWJSType.swift in Sources */,
			);
			runOnlyForDeploymentPostprocessing = 0;
		};
		AB576D901AC61AD500AABBF5 /* Sources */ = {
			isa = PBXSourcesBuildPhase;
			buildActionMask = 2147483647;
			files = (
				AB576D9B1AC61AD500AABBF5 /* AutoWinTests.swift in Sources */,
			);
			runOnlyForDeploymentPostprocessing = 0;
		};
/* End PBXSourcesBuildPhase section */

/* Begin PBXTargetDependency section */
		AB576D961AC61AD500AABBF5 /* PBXTargetDependency */ = {
			isa = PBXTargetDependency;
			target = AB576D831AC61AD500AABBF5 /* AutoWin */;
			targetProxy = AB576D951AC61AD500AABBF5 /* PBXContainerItemProxy */;
		};
/* End PBXTargetDependency section */

/* Begin PBXVariantGroup section */
		AB0F93FA1D27647000FCD8C7 /* MainMenu.xib */ = {
			isa = PBXVariantGroup;
			children = (
				AB0F93FB1D27647000FCD8C7 /* Base */,
			);
			name = MainMenu.xib;
			sourceTree = "<group>";
		};
/* End PBXVariantGroup section */

/* Begin XCBuildConfiguration section */
		AB576D9C1AC61AD500AABBF5 /* Debug */ = {
			isa = XCBuildConfiguration;
			buildSettings = {
				ALWAYS_SEARCH_USER_PATHS = NO;
				CLANG_CXX_LANGUAGE_STANDARD = "gnu++0x";
				CLANG_CXX_LIBRARY = "libc++";
				CLANG_ENABLE_MODULES = YES;
				CLANG_ENABLE_OBJC_ARC = YES;
				CLANG_WARN_BOOL_CONVERSION = YES;
				CLANG_WARN_CONSTANT_CONVERSION = YES;
				CLANG_WARN_DIRECT_OBJC_ISA_USAGE = YES_ERROR;
				CLANG_WARN_EMPTY_BODY = YES;
				CLANG_WARN_ENUM_CONVERSION = YES;
				CLANG_WARN_INT_CONVERSION = YES;
				CLANG_WARN_OBJC_ROOT_CLASS = YES_ERROR;
				CLANG_WARN_UNREACHABLE_CODE = YES;
				CLANG_WARN__DUPLICATE_METHOD_MATCH = YES;
				CODE_SIGN_IDENTITY = "-";
				COPY_PHASE_STRIP = NO;
				ENABLE_STRICT_OBJC_MSGSEND = YES;
				GCC_C_LANGUAGE_STANDARD = gnu99;
				GCC_DYNAMIC_NO_PIC = NO;
				GCC_OPTIMIZATION_LEVEL = 0;
				GCC_PREPROCESSOR_DEFINITIONS = (
					"DEBUG=1",
					"$(inherited)",
				);
				GCC_SYMBOLS_PRIVATE_EXTERN = NO;
				GCC_WARN_64_TO_32_BIT_CONVERSION = YES;
				GCC_WARN_ABOUT_RETURN_TYPE = YES_ERROR;
				GCC_WARN_UNDECLARED_SELECTOR = YES;
				GCC_WARN_UNINITIALIZED_AUTOS = YES_AGGRESSIVE;
				GCC_WARN_UNUSED_FUNCTION = YES;
				GCC_WARN_UNUSED_VARIABLE = YES;
				MACOSX_DEPLOYMENT_TARGET = 10.9;
				MTL_ENABLE_DEBUG_INFO = YES;
				ONLY_ACTIVE_ARCH = YES;
				SDKROOT = macosx;
				SWIFT_OPTIMIZATION_LEVEL = "-Onone";
			};
			name = Debug;
		};
		AB576D9D1AC61AD500AABBF5 /* Release */ = {
			isa = XCBuildConfiguration;
			buildSettings = {
				ALWAYS_SEARCH_USER_PATHS = NO;
				CLANG_CXX_LANGUAGE_STANDARD = "gnu++0x";
				CLANG_CXX_LIBRARY = "libc++";
				CLANG_ENABLE_MODULES = YES;
				CLANG_ENABLE_OBJC_ARC = YES;
				CLANG_WARN_BOOL_CONVERSION = YES;
				CLANG_WARN_CONSTANT_CONVERSION = YES;
				CLANG_WARN_DIRECT_OBJC_ISA_USAGE = YES_ERROR;
				CLANG_WARN_EMPTY_BODY = YES;
				CLANG_WARN_ENUM_CONVERSION = YES;
				CLANG_WARN_INT_CONVERSION = YES;
				CLANG_WARN_OBJC_ROOT_CLASS = YES_ERROR;
				CLANG_WARN_UNREACHABLE_CODE = YES;
				CLANG_WARN__DUPLICATE_METHOD_MATCH = YES;
				CODE_SIGN_IDENTITY = "-";
				COPY_PHASE_STRIP = YES;
				DEBUG_INFORMATION_FORMAT = "dwarf-with-dsym";
				ENABLE_NS_ASSERTIONS = NO;
				ENABLE_STRICT_OBJC_MSGSEND = YES;
				GCC_C_LANGUAGE_STANDARD = gnu99;
				GCC_WARN_64_TO_32_BIT_CONVERSION = YES;
				GCC_WARN_ABOUT_RETURN_TYPE = YES_ERROR;
				GCC_WARN_UNDECLARED_SELECTOR = YES;
				GCC_WARN_UNINITIALIZED_AUTOS = YES_AGGRESSIVE;
				GCC_WARN_UNUSED_FUNCTION = YES;
				GCC_WARN_UNUSED_VARIABLE = YES;
				MACOSX_DEPLOYMENT_TARGET = 10.9;
				MTL_ENABLE_DEBUG_INFO = NO;
				SDKROOT = macosx;
			};
			name = Release;
		};
		AB576D9F1AC61AD500AABBF5 /* Debug */ = {
			isa = XCBuildConfiguration;
			buildSettings = {
				ASSETCATALOG_COMPILER_APPICON_NAME = AppIcon;
				CLANG_ENABLE_MODULES = YES;
				COMBINE_HIDPI_IMAGES = YES;
				DEFINES_MODULE = YES;
				EMBEDDED_CONTENT_CONTAINS_SWIFT = YES;
				INFOPLIST_FILE = "$(SRCROOT)/AutoWin/Info.plist";
				LD_RUNPATH_SEARCH_PATHS = "$(inherited) @executable_path/../Frameworks";
				MACOSX_DEPLOYMENT_TARGET = 10.11;
				PRODUCT_NAME = "$(TARGET_NAME)";
				SWIFT_INSTALL_OBJC_HEADER = NO;
				SWIFT_OPTIMIZATION_LEVEL = "-Onone";
			};
			name = Debug;
		};
		AB576DA01AC61AD500AABBF5 /* Release */ = {
			isa = XCBuildConfiguration;
			buildSettings = {
				ASSETCATALOG_COMPILER_APPICON_NAME = AppIcon;
				CLANG_ENABLE_MODULES = YES;
				COMBINE_HIDPI_IMAGES = YES;
				DEFINES_MODULE = YES;
				EMBEDDED_CONTENT_CONTAINS_SWIFT = YES;
				INFOPLIST_FILE = "$(SRCROOT)/AutoWin/Info.plist";
				LD_RUNPATH_SEARCH_PATHS = "$(inherited) @executable_path/../Frameworks";
				MACOSX_DEPLOYMENT_TARGET = 10.11;
				PRODUCT_NAME = "$(TARGET_NAME)";
				SWIFT_INSTALL_OBJC_HEADER = NO;
			};
			name = Release;
		};
		AB576DA21AC61AD500AABBF5 /* Debug */ = {
			isa = XCBuildConfiguration;
			buildSettings = {
				BUNDLE_LOADER = "$(TEST_HOST)";
				COMBINE_HIDPI_IMAGES = YES;
				FRAMEWORK_SEARCH_PATHS = (
					"$(DEVELOPER_FRAMEWORKS_DIR)",
					"$(inherited)",
				);
				GCC_PREPROCESSOR_DEFINITIONS = (
					"DEBUG=1",
					"$(inherited)",
				);
				INFOPLIST_FILE = AwesomeTests/Info.plist;
				LD_RUNPATH_SEARCH_PATHS = "$(inherited) @executable_path/../Frameworks @loader_path/../Frameworks";
				PRODUCT_NAME = "$(TARGET_NAME)";
				TEST_HOST = "$(BUILT_PRODUCTS_DIR)/Awesome.app/Contents/MacOS/Awesome";
			};
			name = Debug;
		};
		AB576DA31AC61AD500AABBF5 /* Release */ = {
			isa = XCBuildConfiguration;
			buildSettings = {
				BUNDLE_LOADER = "$(TEST_HOST)";
				COMBINE_HIDPI_IMAGES = YES;
				FRAMEWORK_SEARCH_PATHS = (
					"$(DEVELOPER_FRAMEWORKS_DIR)",
					"$(inherited)",
				);
				INFOPLIST_FILE = AwesomeTests/Info.plist;
				LD_RUNPATH_SEARCH_PATHS = "$(inherited) @executable_path/../Frameworks @loader_path/../Frameworks";
				PRODUCT_NAME = "$(TARGET_NAME)";
				TEST_HOST = "$(BUILT_PRODUCTS_DIR)/Awesome.app/Contents/MacOS/Awesome";
			};
			name = Release;
		};
/* End XCBuildConfiguration section */

/* Begin XCConfigurationList section */
		AB576D7F1AC61AD400AABBF5 /* Build configuration list for PBXProject "AutoWin" */ = {
			isa = XCConfigurationList;
			buildConfigurations = (
				AB576D9C1AC61AD500AABBF5 /* Debug */,
				AB576D9D1AC61AD500AABBF5 /* Release */,
			);
			defaultConfigurationIsVisible = 0;
			defaultConfigurationName = Release;
		};
		AB576D9E1AC61AD500AABBF5 /* Build configuration list for PBXNativeTarget "AutoWin" */ = {
			isa = XCConfigurationList;
			buildConfigurations = (
				AB576D9F1AC61AD500AABBF5 /* Debug */,
				AB576DA01AC61AD500AABBF5 /* Release */,
			);
			defaultConfigurationIsVisible = 0;
			defaultConfigurationName = Release;
		};
		AB576DA11AC61AD500AABBF5 /* Build configuration list for PBXNativeTarget "AutoWinTests" */ = {
			isa = XCConfigurationList;
			buildConfigurations = (
				AB576DA21AC61AD500AABBF5 /* Debug */,
				AB576DA31AC61AD500AABBF5 /* Release */,
			);
			defaultConfigurationIsVisible = 0;
			defaultConfigurationName = Release;
		};
/* End XCConfigurationList section */
	};
	rootObject = AB576D7C1AC61AD400AABBF5 /* Project object */;
}
